{
  "name": "macroforge",
  "version": "0.1.39",
  "lockfileVersion": 3,
  "requires": true,
  "packages": {
    "": {
      "name": "macroforge",
      "version": "0.1.39",
      "license": "MIT",
      "dependencies": {
        "@rydshift/mirror": "^0.1.5"
      },
      "engines": {
        "node": ">= 18"
      },
      "optionalDependencies": {
        "@macroforge/bin-darwin-arm64": "0.1.39",
        "@macroforge/bin-darwin-x64": "0.1.39",
        "@macroforge/bin-linux-arm64-gnu": "0.1.39",
        "@macroforge/bin-linux-x64-gnu": "0.1.39",
        "@macroforge/bin-win32-arm64-msvc": "0.1.39",
        "@macroforge/bin-win32-x64-msvc": "0.1.39"
      }
    },
    "node_modules/@macroforge/bin-darwin-arm64": {
      "version": "0.1.39",
      "resolved": "https://registry.npmjs.org/@macroforge/bin-darwin-arm64/-/bin-darwin-arm64-0.1.39.tgz",
      "integrity": "sha512-cB4lEM2Jfd0QS8ifrTZJc9C8ac0VkGhV1SkKWTCyv/7b70/q7akHbNxRwFWOf2DAGqAuYDcZIQlgcIo/TlJjWg==",
      "cpu": [
        "arm64"
      ],
      "license": "MIT",
      "optional": true,
      "os": [
        "darwin"
      ],
      "engines": {
        "node": ">= 18"
      }
    },
    "node_modules/@macroforge/bin-darwin-x64": {
      "version": "0.1.39",
      "resolved": "https://registry.npmjs.org/@macroforge/bin-darwin-x64/-/bin-darwin-x64-0.1.39.tgz",
      "integrity": "sha512-vvE29nu+PkOz3iguDVk21P0zALKLCvfSLe/58Y7V8xNdb934p9VNTLPAsoX10ci8TvAmao9ZpXAQztlfxPyPjA==",
      "cpu": [
        "x64"
      ],
      "license": "MIT",
      "optional": true,
      "os": [
        "darwin"
      ],
      "engines": {
        "node": ">= 18"
      }
    },
    "node_modules/@macroforge/bin-linux-arm64-gnu": {
      "version": "0.1.39",
      "resolved": "https://registry.npmjs.org/@macroforge/bin-linux-arm64-gnu/-/bin-linux-arm64-gnu-0.1.39.tgz",
      "integrity": "sha512-63qJGhoSCdXTE+kJC3eYWm7KRCdyvwZj3DAVZ1t6PHk4h0B2qtNoSd6JcbPqFgKZQvNYsWyaiLaggBn2siMaBQ==",
      "cpu": [
        "arm64"
      ],
      "license": "MIT",
      "optional": true,
      "os": [
        "linux"
      ],
      "engines": {
        "node": ">= 18"
      }
    },
    "node_modules/@macroforge/bin-linux-x64-gnu": {
      "version": "0.1.39",
      "resolved": "https://registry.npmjs.org/@macroforge/bin-linux-x64-gnu/-/bin-linux-x64-gnu-0.1.39.tgz",
      "integrity": "sha512-i/fxhdg6b6ddPESX23Pt3HqzOTso6jkPu6o+BMrm9bLwx5Qr5DYr5teD2NSlfypIHdvsErrqyX6aJ63/uYZY5g==",
      "cpu": [
        "x64"
      ],
      "license": "MIT",
      "optional": true,
      "os": [
        "linux"
      ],
      "engines": {
        "node": ">= 18"
      }
    },
    "node_modules/@macroforge/bin-win32-arm64-msvc": {
      "version": "0.1.39",
      "resolved": "https://registry.npmjs.org/@macroforge/bin-win32-arm64-msvc/-/bin-win32-arm64-msvc-0.1.39.tgz",
      "integrity": "sha512-q0Wtjqi/r7mpzwTmxXcb527uR9xtxlUhsuCFV49yysig1THjjWHB4M5HA/R7DFXW/9m+oqp/G8q2Obc/zXF42g==",
      "cpu": [
        "arm64"
      ],
      "license": "MIT",
      "optional": true,
      "os": [
        "win32"
      ],
      "engines": {
        "node": ">= 18"
      }
    },
    "node_modules/@macroforge/bin-win32-x64-msvc": {
      "version": "0.1.39",
      "resolved": "https://registry.npmjs.org/@macroforge/bin-win32-x64-msvc/-/bin-win32-x64-msvc-0.1.39.tgz",
      "integrity": "sha512-Gk6PL/t4qsPQZ90LzePQuebEUoaiQGbVKSqh9XHPQetfEC5FRwW/A5nhGDs1OapV5z2D0oIp+SU7vfCTDRMIiA==",
      "cpu": [
        "x64"
      ],
      "license": "MIT",
      "optional": true,
      "os": [
        "win32"
      ],
      "engines": {
        "node": ">= 18"
      }
    },
    "node_modules/@rydshift/mirror": {
      "version": "0.1.5",
      "resolved": "https://registry.npmjs.org/@rydshift/mirror/-/mirror-0.1.5.tgz",
      "integrity": "sha512-E+u/OW7NZr59gu58grT3sFeLgI4zfkUvkC/eqHDGoLWpSTUtclD//uizwwHO6B5c5w1Ut4FXTKQ8ZVwmQulQiA==",
      "license": "ISC"
    }
  }
}
