{
  "name": "macroforge",
  "version": "0.1.40",
  "lockfileVersion": 3,
  "requires": true,
  "packages": {
    "": {
      "name": "macroforge",
      "version": "0.1.40",
      "license": "MIT",
      "dependencies": {
        "@rydshift/mirror": "^0.1.5"
      },
      "engines": {
        "node": ">= 18"
      },
      "optionalDependencies": {
        "@macroforge/bin-darwin-arm64": "0.1.40",
        "@macroforge/bin-darwin-x64": "0.1.40",
        "@macroforge/bin-linux-arm64-gnu": "0.1.40",
        "@macroforge/bin-linux-x64-gnu": "0.1.40",
        "@macroforge/bin-win32-arm64-msvc": "0.1.40",
        "@macroforge/bin-win32-x64-msvc": "0.1.40"
      }
    },
    "node_modules/@macroforge/bin-darwin-arm64": {
      "version": "0.1.40",
      "resolved": "https://registry.npmjs.org/@macroforge/bin-darwin-arm64/-/bin-darwin-arm64-0.1.40.tgz",
      "integrity": "sha512-fVdxvQ5PrGpAQXYEHOnOme8eRB6cgYSkiqZwwd/R105thCJ+hUELOUeJlDC1uMxb/mrVv4Ic2EXbHOinzK8JTg==",
      "cpu": [
        "arm64"
      ],
      "license": "MIT",
      "optional": true,
      "os": [
        "darwin"
      ],
      "engines": {
        "node": ">= 18"
      }
    },
    "node_modules/@macroforge/bin-darwin-x64": {
      "version": "0.1.40",
      "resolved": "https://registry.npmjs.org/@macroforge/bin-darwin-x64/-/bin-darwin-x64-0.1.40.tgz",
      "integrity": "sha512-NnGSqaQQZoRTeUwmcp4yzSkc5lE7/3k8M8AabkeoOgn0QTGLT/uP80gTYpupn16S86A8rtE8UTwB4+zgzxIjXQ==",
      "cpu": [
        "x64"
      ],
      "license": "MIT",
      "optional": true,
      "os": [
        "darwin"
      ],
      "engines": {
        "node": ">= 18"
      }
    },
    "node_modules/@macroforge/bin-linux-arm64-gnu": {
      "version": "0.1.40",
      "resolved": "https://registry.npmjs.org/@macroforge/bin-linux-arm64-gnu/-/bin-linux-arm64-gnu-0.1.40.tgz",
      "integrity": "sha512-W8k1ovSEs9V8c3X2xg1lRbjsrmUcp5j67IUgiJEFXRS9Za3m9rX8BgKFybPTUBxfrOxyElVzEnpUFv0lOyY7EQ==",
      "cpu": [
        "arm64"
      ],
      "license": "MIT",
      "optional": true,
      "os": [
        "linux"
      ],
      "engines": {
        "node": ">= 18"
      }
    },
    "node_modules/@macroforge/bin-linux-x64-gnu": {
      "version": "0.1.40",
      "resolved": "https://registry.npmjs.org/@macroforge/bin-linux-x64-gnu/-/bin-linux-x64-gnu-0.1.40.tgz",
      "integrity": "sha512-LMTjNw3lWrriwf2lfCWhcrcyPgZPaCtf4f7ZTyqIV223RE8+4yILUP/glv8xuZdAgNUP7MyCdBSvH8TCBJcbsQ==",
      "cpu": [
        "x64"
      ],
      "license": "MIT",
      "optional": true,
      "os": [
        "linux"
      ],
      "engines": {
        "node": ">= 18"
      }
    },
    "node_modules/@macroforge/bin-win32-arm64-msvc": {
      "version": "0.1.40",
      "resolved": "https://registry.npmjs.org/@macroforge/bin-win32-arm64-msvc/-/bin-win32-arm64-msvc-0.1.40.tgz",
      "integrity": "sha512-TTtzUVWa6T/Muz4Jam1TpC8vuCnE28o18oMRPl5avd32BOS0D8zyZbyz311yHgk/JKnC47+Adz1Cpk8MWcUlhg==",
      "cpu": [
        "arm64"
      ],
      "license": "MIT",
      "optional": true,
      "os": [
        "win32"
      ],
      "engines": {
        "node": ">= 18"
      }
    },
    "node_modules/@macroforge/bin-win32-x64-msvc": {
      "version": "0.1.40",
      "resolved": "https://registry.npmjs.org/@macroforge/bin-win32-x64-msvc/-/bin-win32-x64-msvc-0.1.40.tgz",
      "integrity": "sha512-7j/+A3u9mBcE3uODilGes/FssgsrmTHxkqda7jAFjclhWjK2HYP43gYCsyxgHdRCh8AnxnA4Wr5yEKLGuUmwhQ==",
      "cpu": [
        "x64"
      ],
      "license": "MIT",
      "optional": true,
      "os": [
        "win32"
      ],
      "engines": {
        "node": ">= 18"
      }
    },
    "node_modules/@rydshift/mirror": {
      "version": "0.1.5",
      "resolved": "https://registry.npmjs.org/@rydshift/mirror/-/mirror-0.1.5.tgz",
      "integrity": "sha512-E+u/OW7NZr59gu58grT3sFeLgI4zfkUvkC/eqHDGoLWpSTUtclD//uizwwHO6B5c5w1Ut4FXTKQ8ZVwmQulQiA==",
      "license": "ISC"
    }
  }
}
