{
	"name": "macroforge",
	"version": "0.1.36",
	"lockfileVersion": 3,
	"requires": true,
	"packages": {
		"": {
			"name": "macroforge",
			"version": "0.1.36",
			"license": "MIT",
			"dependencies": {
				"@rydshift/mirror": "^0.1.4"
			},
			"engines": {
				"node": ">= 18"
			},
			"optionalDependencies": {
				"@macroforge/bin-darwin-arm64": "0.1.36",
				"@macroforge/bin-darwin-x64": "0.1.36",
				"@macroforge/bin-linux-arm64-gnu": "0.1.36",
				"@macroforge/bin-linux-x64-gnu": "0.1.36",
				"@macroforge/bin-win32-arm64-msvc": "0.1.36",
				"@macroforge/bin-win32-x64-msvc": "0.1.36"
			}
		},
		"node_modules/@macroforge/bin-darwin-arm64": {
			"version": "0.1.36",
			"resolved": "https://registry.npmjs.org/@macroforge/bin-darwin-arm64/-/bin-darwin-arm64-0.1.36.tgz",
			"integrity": "sha512-99tbLPrSDWrNvTFGgPaM+wYgQg4JouuXjOVnIKhL4h42tm1i8Dk+T3rRZ0uClm0W8etxkfLKaWxyjrIaknJPeQ==",
			"cpu": [
				"arm64"
			],
			"license": "MIT",
			"optional": true,
			"os": [
				"darwin"
			],
			"engines": {
				"node": ">= 18"
			}
		},
		"node_modules/@macroforge/bin-darwin-x64": {
			"version": "0.1.36",
			"resolved": "https://registry.npmjs.org/@macroforge/bin-darwin-x64/-/bin-darwin-x64-0.1.36.tgz",
			"integrity": "sha512-iYcNDeXIpJwoHtDACeO3QXSKfATOTKzTkAuFgQCRvS2MrqRmC5WKJjSjc8CQVwpnsrEMM7hOrC5u1VF9TiI4tg==",
			"cpu": [
				"x64"
			],
			"license": "MIT",
			"optional": true,
			"os": [
				"darwin"
			],
			"engines": {
				"node": ">= 18"
			}
		},
		"node_modules/@macroforge/bin-linux-arm64-gnu": {
			"version": "0.1.36",
			"resolved": "https://registry.npmjs.org/@macroforge/bin-linux-arm64-gnu/-/bin-linux-arm64-gnu-0.1.36.tgz",
			"integrity": "sha512-2QGnDhkT0/ZYjK1JMD88kzdB6M6C3cFianyF/7skluLwRBadVorQ0Ujh65d43gAnfpoKlW4kzPFAjnD/RTv/qA==",
			"cpu": [
				"arm64"
			],
			"license": "MIT",
			"optional": true,
			"os": [
				"linux"
			],
			"engines": {
				"node": ">= 18"
			}
		},
		"node_modules/@macroforge/bin-linux-x64-gnu": {
			"version": "0.1.36",
			"resolved": "https://registry.npmjs.org/@macroforge/bin-linux-x64-gnu/-/bin-linux-x64-gnu-0.1.36.tgz",
			"integrity": "sha512-iIVyncc1khG/5GPW2lMr2aypuRcb6HQ+8tam/kyKer1cwuRPkW5SgfLgee9aB75L4AwWGxmsvzcJCT8kXYoSng==",
			"cpu": [
				"x64"
			],
			"license": "MIT",
			"optional": true,
			"os": [
				"linux"
			],
			"engines": {
				"node": ">= 18"
			}
		},
		"node_modules/@macroforge/bin-win32-arm64-msvc": {
			"version": "0.1.36",
			"resolved": "https://registry.npmjs.org/@macroforge/bin-win32-arm64-msvc/-/bin-win32-arm64-msvc-0.1.36.tgz",
			"integrity": "sha512-QrBVObGqGlBBCbDEfmw6P7pLEV5isKZH7uk5cE8YvCY3aEg9U71dnVZtVNAx7k/SX9+g6o+pzjNCKBZkkLDFbQ==",
			"cpu": [
				"arm64"
			],
			"license": "MIT",
			"optional": true,
			"os": [
				"win32"
			],
			"engines": {
				"node": ">= 18"
			}
		},
		"node_modules/@macroforge/bin-win32-x64-msvc": {
			"version": "0.1.36",
			"resolved": "https://registry.npmjs.org/@macroforge/bin-win32-x64-msvc/-/bin-win32-x64-msvc-0.1.36.tgz",
			"integrity": "sha512-Ewbn0x4tQecEowNzsbje/2vTxVJIHV6y7D1/Z1SwlnXSPGlkZiBJno7WQ4/22erDI4P30jzVnDGm/s//xQwZuA==",
			"cpu": [
				"x64"
			],
			"license": "MIT",
			"optional": true,
			"os": [
				"win32"
			],
			"engines": {
				"node": ">= 18"
			}
		},
		"node_modules/@rydshift/mirror": {
			"version": "0.1.4",
			"resolved": "https://registry.npmjs.org/@rydshift/mirror/-/mirror-0.1.4.tgz",
			"integrity": "sha512-qS/vdrffIQcNUEVNwDLjzmDs8f5ZSQHjijO/5KC2LBHgeAwS6Maek+2ISBaeIvo+5SMlSmBJg0NtzJNBUd9WEQ==",
			"license": "ISC"
		}
	}
}
